
Microsoft Visual Studio Solution File, Format Version 12.00
# Visual Studio Version 17
VisualStudioVersion = 17.8.34511.84
MinimumVisualStudioVersion = 10.0.40219.1
Project("{9A19103F-16F7-4668-BE54-9A1E7A4F7556}") = "StockAppSQ20", "StockAppSQ20.csproj", "{B7C573E5-F89C-422A-A885-2FCDED8FDCD1}"
EndProject
Global
	GlobalSection(SolutionConfigurationPlatforms) = preSolution
		Debug|Any CPU = Debug|Any CPU
		Release|Any CPU = Release|Any CPU
	EndGlobalSection
	GlobalSection(ProjectConfigurationPlatforms) = postSolution
		{B7C573E5-F89C-422A-A885-2FCDED8FDCD1}.Debug|Any CPU.ActiveCfg = Debug|Any CPU
		{B7C573E5-F89C-422A-A885-2FCDED8FDCD1}.Debug|Any CPU.Build.0 = Debug|Any CPU
		{B7C573E5-F89C-422A-A885-2FCDED8FDCD1}.Release|Any CPU.ActiveCfg = Release|Any CPU
		{B7C573E5-F89C-422A-A885-2FCDED8FDCD1}.Release|Any CPU.Build.0 = Release|Any CPU
	EndGlobalSection
	GlobalSection(SolutionProperties) = preSolution
		HideSolutionNode = FALSE
	EndGlobalSection
	GlobalSection(ExtensibilityGlobals) = postSolution
		SolutionGuid = {70F744A1-4154-45ED-B843-B2F46C42ED42}
	EndGlobalSection
EndGlobal
